
Microsoft Visual Studio Solution File, Format Version 12.00
# Visual Studio Version 17
VisualStudioVersion = 17.5.002.0
MinimumVisualStudioVersion = 10.0.40219.1
Project("{2150E333-8FDC-42A3-9474-1A3956D46DE8}") = "csharp-prep", "csharp-prep", "{982D0D40-6E27-4177-A866-CEBC3DE2EFDC}"
EndProject
Project("{9A19103F-16F7-4668-BE54-9A1E7A4F7556}") = "Prep1", "csharp-prep\Prep1\Prep1.csproj", "{3E662F96-AE59-4C3B-B90F-BFFF779A0E43}"
EndProject
Project("{9A19103F-16F7-4668-BE54-9A1E7A4F7556}") = "Prep2", "csharp-prep\Prep2\Prep2.csproj", "{F85F5AB2-78C2-4A8D-B1C3-AC6B6F962B99}"
EndProject
Project("{9A19103F-16F7-4668-BE54-9A1E7A4F7556}") = "Prep3", "csharp-prep\Prep3\Prep3.csproj", "{C09E1ADA-5B57-42BE-BEB9-1D4241CB81BA}"
EndProject
Project("{9A19103F-16F7-4668-BE54-9A1E7A4F7556}") = "Prep4", "csharp-prep\Prep4\Prep4.csproj", "{BD19DACE-0E88-43EE-8E89-6266C4764443}"
EndProject
Project("{9A19103F-16F7-4668-BE54-9A1E7A4F7556}") = "Prep5", "csharp-prep\Prep5\Prep5.csproj", "{7B503DF6-B464-4E73-93B2-4B8EA809553A}"
EndProject
Project("{2150E333-8FDC-42A3-9474-1A3956D46DE8}") = "final", "final", "{F2ABFB5C-DEC3-4773-B8EB-F80AC3170D73}"
EndProject
Project("{9A19103F-16F7-4668-BE54-9A1E7A4F7556}") = "FinalProject", "final\FinalProject\FinalProject.csproj", "{1A7E802A-DFA9-44DD-BA8E-6EB6569C0806}"
EndProject
Project("{9A19103F-16F7-4668-BE54-9A1E7A4F7556}") = "Foundation1", "final\Foundation1\Foundation1.csproj", "{563773A0-66D2-4398-85FA-40A2240F8591}"
EndProject
Project("{9A19103F-16F7-4668-BE54-9A1E7A4F7556}") = "Foundation2", "final\Foundation2\Foundation2.csproj", "{C7A275FA-DE01-42CC-9F08-7B424BE38797}"
EndProject
Project("{9A19103F-16F7-4668-BE54-9A1E7A4F7556}") = "Foundation3", "final\Foundation3\Foundation3.csproj", "{175B88D3-268B-42AB-8C85-7E6F473DA73B}"
EndProject
Project("{9A19103F-16F7-4668-BE54-9A1E7A4F7556}") = "Foundation4", "final\Foundation4\Foundation4.csproj", "{6395426D-89B4-4BC8-9C68-0238903D9097}"
EndProject
Project("{2150E333-8FDC-42A3-9474-1A3956D46DE8}") = "prepare", "prepare", "{7172B542-D7C7-4136-8F48-BEAE071F9DBB}"
EndProject
Project("{9A19103F-16F7-4668-BE54-9A1E7A4F7556}") = "Learning02", "prepare\Learning02\Learning02.csproj", "{65D1BCEF-2D76-4343-9665-B5862DF230FF}"
EndProject
Project("{9A19103F-16F7-4668-BE54-9A1E7A4F7556}") = "Learning03", "prepare\Learning03\Learning03.csproj", "{E1A9C885-F889-46FE-A940-AFE0420C2288}"
EndProject
Project("{9A19103F-16F7-4668-BE54-9A1E7A4F7556}") = "Learning04", "prepare\Learning04\Learning04.csproj", "{D145AF0D-554D-4267-9D67-44F1C1DC7E38}"
EndProject
Project("{9A19103F-16F7-4668-BE54-9A1E7A4F7556}") = "Learning05", "prepare\Learning05\Learning05.csproj", "{02DB5A42-44F2-4E44-869F-377B8286B80B}"
EndProject
Project("{2150E333-8FDC-42A3-9474-1A3956D46DE8}") = "prove", "prove", "{FAB5DFA6-CC0C-450B-B2C4-2A6E9DACAAA6}"
EndProject
Project("{9A19103F-16F7-4668-BE54-9A1E7A4F7556}") = "Develop02", "prove\Develop02\Develop02.csproj", "{3C5A77DA-16F1-43A1-A1A0-9DD67B305007}"
EndProject
Project("{9A19103F-16F7-4668-BE54-9A1E7A4F7556}") = "Develop03", "prove\Develop03\Develop03.csproj", "{951A12C8-C3EC-4767-A85C-5CFED105D759}"
EndProject
Project("{9A19103F-16F7-4668-BE54-9A1E7A4F7556}") = "Develop04", "prove\Develop04\Develop04.csproj", "{16FFA418-F051-4FD9-B23E-6CF5D13E905D}"
EndProject
Project("{9A19103F-16F7-4668-BE54-9A1E7A4F7556}") = "Develop05", "prove\Develop05\Develop05.csproj", "{0E4F22BF-83EB-42F1-AD89-5FCBF454F882}"
EndProject
Project("{2150E333-8FDC-42A3-9474-1A3956D46DE8}") = "sandbox", "sandbox", "{4E900DAF-4863-4FAB-BA5E-B7C074E18E4C}"
EndProject
Project("{9A19103F-16F7-4668-BE54-9A1E7A4F7556}") = "Sandbox", "sandbox\Sandbox\Sandbox.csproj", "{C0F4AE87-9011-49E2-A293-FF09DE9F91AE}"
EndProject
Global
	GlobalSection(SolutionConfigurationPlatforms) = preSolution
		Debug|Any CPU = Debug|Any CPU
		Release|Any CPU = Release|Any CPU
	EndGlobalSection
	GlobalSection(ProjectConfigurationPlatforms) = postSolution
		{3E662F96-AE59-4C3B-B90F-BFFF779A0E43}.Debug|Any CPU.ActiveCfg = Debug|Any CPU
		{3E662F96-AE59-4C3B-B90F-BFFF779A0E43}.Debug|Any CPU.Build.0 = Debug|Any CPU
		{3E662F96-AE59-4C3B-B90F-BFFF779A0E43}.Release|Any CPU.ActiveCfg = Release|Any CPU
		{3E662F96-AE59-4C3B-B90F-BFFF779A0E43}.Release|Any CPU.Build.0 = Release|Any CPU
		{F85F5AB2-78C2-4A8D-B1C3-AC6B6F962B99}.Debug|Any CPU.ActiveCfg = Debug|Any CPU
		{F85F5AB2-78C2-4A8D-B1C3-AC6B6F962B99}.Debug|Any CPU.Build.0 = Debug|Any CPU
		{F85F5AB2-78C2-4A8D-B1C3-AC6B6F962B99}.Release|Any CPU.ActiveCfg = Release|Any CPU
		{F85F5AB2-78C2-4A8D-B1C3-AC6B6F962B99}.Release|Any CPU.Build.0 = Release|Any CPU
		{C09E1ADA-5B57-42BE-BEB9-1D4241CB81BA}.Debug|Any CPU.ActiveCfg = Debug|Any CPU
		{C09E1ADA-5B57-42BE-BEB9-1D4241CB81BA}.Debug|Any CPU.Build.0 = Debug|Any CPU
		{C09E1ADA-5B57-42BE-BEB9-1D4241CB81BA}.Release|Any CPU.ActiveCfg = Release|Any CPU
		{C09E1ADA-5B57-42BE-BEB9-1D4241CB81BA}.Release|Any CPU.Build.0 = Release|Any CPU
		{BD19DACE-0E88-43EE-8E89-6266C4764443}.Debug|Any CPU.ActiveCfg = Debug|Any CPU
		{BD19DACE-0E88-43EE-8E89-6266C4764443}.Debug|Any CPU.Build.0 = Debug|Any CPU
		{BD19DACE-0E88-43EE-8E89-6266C4764443}.Release|Any CPU.ActiveCfg = Release|Any CPU
		{BD19DACE-0E88-43EE-8E89-6266C4764443}.Release|Any CPU.Build.0 = Release|Any CPU
		{7B503DF6-B464-4E73-93B2-4B8EA809553A}.Debug|Any CPU.ActiveCfg = Debug|Any CPU
		{7B503DF6-B464-4E73-93B2-4B8EA809553A}.Debug|Any CPU.Build.0 = Debug|Any CPU
		{7B503DF6-B464-4E73-93B2-4B8EA809553A}.Release|Any CPU.ActiveCfg = Release|Any CPU
		{7B503DF6-B464-4E73-93B2-4B8EA809553A}.Release|Any CPU.Build.0 = Release|Any CPU
		{1A7E802A-DFA9-44DD-BA8E-6EB6569C0806}.Debug|Any CPU.ActiveCfg = Debug|Any CPU
		{1A7E802A-DFA9-44DD-BA8E-6EB6569C0806}.Debug|Any CPU.Build.0 = Debug|Any CPU
		{1A7E802A-DFA9-44DD-BA8E-6EB6569C0806}.Release|Any CPU.ActiveCfg = Release|Any CPU
		{1A7E802A-DFA9-44DD-BA8E-6EB6569C0806}.Release|Any CPU.Build.0 = Release|Any CPU
		{563773A0-66D2-4398-85FA-40A2240F8591}.Debug|Any CPU.ActiveCfg = Debug|Any CPU
		{563773A0-66D2-4398-85FA-40A2240F8591}.Debug|Any CPU.Build.0 = Debug|Any CPU
		{563773A0-66D2-4398-85FA-40A2240F8591}.Release|Any CPU.ActiveCfg = Release|Any CPU
		{563773A0-66D2-4398-85FA-40A2240F8591}.Release|Any CPU.Build.0 = Release|Any CPU
		{C7A275FA-DE01-42CC-9F08-7B424BE38797}.Debug|Any CPU.ActiveCfg = Debug|Any CPU
		{C7A275FA-DE01-42CC-9F08-7B424BE38797}.Debug|Any CPU.Build.0 = Debug|Any CPU
		{C7A275FA-DE01-42CC-9F08-7B424BE38797}.Release|Any CPU.ActiveCfg = Release|Any CPU
		{C7A275FA-DE01-42CC-9F08-7B424BE38797}.Release|Any CPU.Build.0 = Release|Any CPU
		{175B88D3-268B-42AB-8C85-7E6F473DA73B}.Debug|Any CPU.ActiveCfg = Debug|Any CPU
		{175B88D3-268B-42AB-8C85-7E6F473DA73B}.Debug|Any CPU.Build.0 = Debug|Any CPU
		{175B88D3-268B-42AB-8C85-7E6F473DA73B}.Release|Any CPU.ActiveCfg = Release|Any CPU
		{175B88D3-268B-42AB-8C85-7E6F473DA73B}.Release|Any CPU.Build.0 = Release|Any CPU
		{6395426D-89B4-4BC8-9C68-0238903D9097}.Debug|Any CPU.ActiveCfg = Debug|Any CPU
		{6395426D-89B4-4BC8-9C68-0238903D9097}.Debug|Any CPU.Build.0 = Debug|Any CPU
		{6395426D-89B4-4BC8-9C68-0238903D9097}.Release|Any CPU.ActiveCfg = Release|Any CPU
		{6395426D-89B4-4BC8-9C68-0238903D9097}.Release|Any CPU.Build.0 = Release|Any CPU
		{65D1BCEF-2D76-4343-9665-B5862DF230FF}.Debug|Any CPU.ActiveCfg = Debug|Any CPU
		{65D1BCEF-2D76-4343-9665-B5862DF230FF}.Debug|Any CPU.Build.0 = Debug|Any CPU
		{65D1BCEF-2D76-4343-9665-B5862DF230FF}.Release|Any CPU.ActiveCfg = Release|Any CPU
		{65D1BCEF-2D76-4343-9665-B5862DF230FF}.Release|Any CPU.Build.0 = Release|Any CPU
		{E1A9C885-F889-46FE-A940-AFE0420C2288}.Debug|Any CPU.ActiveCfg = Debug|Any CPU
		{E1A9C885-F889-46FE-A940-AFE0420C2288}.Debug|Any CPU.Build.0 = Debug|Any CPU
		{E1A9C885-F889-46FE-A940-AFE0420C2288}.Release|Any CPU.ActiveCfg = Release|Any CPU
		{E1A9C885-F889-46FE-A940-AFE0420C2288}.Release|Any CPU.Build.0 = Release|Any CPU
		{D145AF0D-554D-4267-9D67-44F1C1DC7E38}.Debug|Any CPU.ActiveCfg = Debug|Any CPU
		{D145AF0D-554D-4267-9D67-44F1C1DC7E38}.Debug|Any CPU.Build.0 = Debug|Any CPU
		{D145AF0D-554D-4267-9D67-44F1C1DC7E38}.Release|Any CPU.ActiveCfg = Release|Any CPU
		{D145AF0D-554D-4267-9D67-44F1C1DC7E38}.Release|Any CPU.Build.0 = Release|Any CPU
		{02DB5A42-44F2-4E44-869F-377B8286B80B}.Debug|Any CPU.ActiveCfg = Debug|Any CPU
		{02DB5A42-44F2-4E44-869F-377B8286B80B}.Debug|Any CPU.Build.0 = Debug|Any CPU
		{02DB5A42-44F2-4E44-869F-377B8286B80B}.Release|Any CPU.ActiveCfg = Release|Any CPU
		{02DB5A42-44F2-4E44-869F-377B8286B80B}.Release|Any CPU.Build.0 = Release|Any CPU
		{3C5A77DA-16F1-43A1-A1A0-9DD67B305007}.Debug|Any CPU.ActiveCfg = Debug|Any CPU
		{3C5A77DA-16F1-43A1-A1A0-9DD67B305007}.Debug|Any CPU.Build.0 = Debug|Any CPU
		{3C5A77DA-16F1-43A1-A1A0-9DD67B305007}.Release|Any CPU.ActiveCfg = Release|Any CPU
		{3C5A77DA-16F1-43A1-A1A0-9DD67B305007}.Release|Any CPU.Build.0 = Release|Any CPU
		{951A12C8-C3EC-4767-A85C-5CFED105D759}.Debug|Any CPU.ActiveCfg = Debug|Any CPU
		{951A12C8-C3EC-4767-A85C-5CFED105D759}.Debug|Any CPU.Build.0 = Debug|Any CPU
		{951A12C8-C3EC-4767-A85C-5CFED105D759}.Release|Any CPU.ActiveCfg = Release|Any CPU
		{951A12C8-C3EC-4767-A85C-5CFED105D759}.Release|Any CPU.Build.0 = Release|Any CPU
		{16FFA418-F051-4FD9-B23E-6CF5D13E905D}.Debug|Any CPU.ActiveCfg = Debug|Any CPU
		{16FFA418-F051-4FD9-B23E-6CF5D13E905D}.Debug|Any CPU.Build.0 = Debug|Any CPU
		{16FFA418-F051-4FD9-B23E-6CF5D13E905D}.Release|Any CPU.ActiveCfg = Release|Any CPU
		{16FFA418-F051-4FD9-B23E-6CF5D13E905D}.Release|Any CPU.Build.0 = Release|Any CPU
		{0E4F22BF-83EB-42F1-AD89-5FCBF454F882}.Debug|Any CPU.ActiveCfg = Debug|Any CPU
		{0E4F22BF-83EB-42F1-AD89-5FCBF454F882}.Debug|Any CPU.Build.0 = Debug|Any CPU
		{0E4F22BF-83EB-42F1-AD89-5FCBF454F882}.Release|Any CPU.ActiveCfg = Release|Any CPU
		{0E4F22BF-83EB-42F1-AD89-5FCBF454F882}.Release|Any CPU.Build.0 = Release|Any CPU
		{C0F4AE87-9011-49E2-A293-FF09DE9F91AE}.Debug|Any CPU.ActiveCfg = Debug|Any CPU
		{C0F4AE87-9011-49E2-A293-FF09DE9F91AE}.Debug|Any CPU.Build.0 = Debug|Any CPU
		{C0F4AE87-9011-49E2-A293-FF09DE9F91AE}.Release|Any CPU.ActiveCfg = Release|Any CPU
		{C0F4AE87-9011-49E2-A293-FF09DE9F91AE}.Release|Any CPU.Build.0 = Release|Any CPU
	EndGlobalSection
	GlobalSection(SolutionProperties) = preSolution
		HideSolutionNode = FALSE
	EndGlobalSection
	GlobalSection(NestedProjects) = preSolution
		{3E662F96-AE59-4C3B-B90F-BFFF779A0E43} = {982D0D40-6E27-4177-A866-CEBC3DE2EFDC}
		{F85F5AB2-78C2-4A8D-B1C3-AC6B6F962B99} = {982D0D40-6E27-4177-A866-CEBC3DE2EFDC}
		{C09E1ADA-5B57-42BE-BEB9-1D4241CB81BA} = {982D0D40-6E27-4177-A866-CEBC3DE2EFDC}
		{BD19DACE-0E88-43EE-8E89-6266C4764443} = {982D0D40-6E27-4177-A866-CEBC3DE2EFDC}
		{7B503DF6-B464-4E73-93B2-4B8EA809553A} = {982D0D40-6E27-4177-A866-CEBC3DE2EFDC}
		{1A7E802A-DFA9-44DD-BA8E-6EB6569C0806} = {F2ABFB5C-DEC3-4773-B8EB-F80AC3170D73}
		{563773A0-66D2-4398-85FA-40A2240F8591} = {F2ABFB5C-DEC3-4773-B8EB-F80AC3170D73}
		{C7A275FA-DE01-42CC-9F08-7B424BE38797} = {F2ABFB5C-DEC3-4773-B8EB-F80AC3170D73}
		{175B88D3-268B-42AB-8C85-7E6F473DA73B} = {F2ABFB5C-DEC3-4773-B8EB-F80AC3170D73}
		{6395426D-89B4-4BC8-9C68-0238903D9097} = {F2ABFB5C-DEC3-4773-B8EB-F80AC3170D73}
		{65D1BCEF-2D76-4343-9665-B5862DF230FF} = {7172B542-D7C7-4136-8F48-BEAE071F9DBB}
		{E1A9C885-F889-46FE-A940-AFE0420C2288} = {7172B542-D7C7-4136-8F48-BEAE071F9DBB}
		{D145AF0D-554D-4267-9D67-44F1C1DC7E38} = {7172B542-D7C7-4136-8F48-BEAE071F9DBB}
		{02DB5A42-44F2-4E44-869F-377B8286B80B} = {7172B542-D7C7-4136-8F48-BEAE071F9DBB}
		{3C5A77DA-16F1-43A1-A1A0-9DD67B305007} = {FAB5DFA6-CC0C-450B-B2C4-2A6E9DACAAA6}
		{951A12C8-C3EC-4767-A85C-5CFED105D759} = {FAB5DFA6-CC0C-450B-B2C4-2A6E9DACAAA6}
		{16FFA418-F051-4FD9-B23E-6CF5D13E905D} = {FAB5DFA6-CC0C-450B-B2C4-2A6E9DACAAA6}
		{0E4F22BF-83EB-42F1-AD89-5FCBF454F882} = {FAB5DFA6-CC0C-450B-B2C4-2A6E9DACAAA6}
		{C0F4AE87-9011-49E2-A293-FF09DE9F91AE} = {4E900DAF-4863-4FAB-BA5E-B7C074E18E4C}
	EndGlobalSection
	GlobalSection(ExtensibilityGlobals) = postSolution
		SolutionGuid = {942F7067-ADD3-4A4C-84E3-DB5A4BC594C8}
	EndGlobalSection
EndGlobal
